
Microsoft Visual Studio Solution File, Format Version 12.00
# Visual Studio Version 16
VisualStudioVersion = 16.0.32510.428
MinimumVisualStudioVersion = 10.0.40219.1
Project("{FAE04EC0-301F-11D3-BF4B-00C04F79EFBC}") = "OpenSilverMyGetExample", "OpenSilverMyGetExample\OpenSilverMyGetExample\OpenSilverMyGetExample.csproj", "{E6DDDCC4-E5FE-430A-AB72-E563F868FEC8}"
EndProject
Project("{FAE04EC0-301F-11D3-BF4B-00C04F79EFBC}") = "OpenSilverMyGetExample.Browser", "OpenSilverMyGetExample\OpenSilverMyGetExample.Browser\OpenSilverMyGetExample.Browser.csproj", "{60B8C2AB-A9C3-4131-8A40-688D2AFE7453}"
EndProject
Project("{FAE04EC0-301F-11D3-BF4B-00C04F79EFBC}") = "OpenSilverMyGetExample.Simulator", "OpenSilverMyGetExample\OpenSilverMyGetExample.Simulator\OpenSilverMyGetExample.Simulator.csproj", "{D70BD62A-844F-40E3-B4B8-469B0C3D3AD5}"
EndProject
Global
	GlobalSection(SolutionConfigurationPlatforms) = preSolution
		Debug|Any CPU = Debug|Any CPU
		Release|Any CPU = Release|Any CPU
	EndGlobalSection
	GlobalSection(ProjectConfigurationPlatforms) = postSolution
		{E6DDDCC4-E5FE-430A-AB72-E563F868FEC8}.Debug|Any CPU.ActiveCfg = Debug|Any CPU
		{E6DDDCC4-E5FE-430A-AB72-E563F868FEC8}.Debug|Any CPU.Build.0 = Debug|Any CPU
		{E6DDDCC4-E5FE-430A-AB72-E563F868FEC8}.Release|Any CPU.ActiveCfg = Release|Any CPU
		{E6DDDCC4-E5FE-430A-AB72-E563F868FEC8}.Release|Any CPU.Build.0 = Release|Any CPU
		{60B8C2AB-A9C3-4131-8A40-688D2AFE7453}.Debug|Any CPU.ActiveCfg = Debug|Any CPU
		{60B8C2AB-A9C3-4131-8A40-688D2AFE7453}.Debug|Any CPU.Build.0 = Debug|Any CPU
		{60B8C2AB-A9C3-4131-8A40-688D2AFE7453}.Release|Any CPU.ActiveCfg = Release|Any CPU
		{60B8C2AB-A9C3-4131-8A40-688D2AFE7453}.Release|Any CPU.Build.0 = Release|Any CPU
		{D70BD62A-844F-40E3-B4B8-469B0C3D3AD5}.Debug|Any CPU.ActiveCfg = Debug|Any CPU
		{D70BD62A-844F-40E3-B4B8-469B0C3D3AD5}.Debug|Any CPU.Build.0 = Debug|Any CPU
		{D70BD62A-844F-40E3-B4B8-469B0C3D3AD5}.Release|Any CPU.ActiveCfg = Release|Any CPU
		{D70BD62A-844F-40E3-B4B8-469B0C3D3AD5}.Release|Any CPU.Build.0 = Release|Any CPU
	EndGlobalSection
	GlobalSection(SolutionProperties) = preSolution
		HideSolutionNode = FALSE
	EndGlobalSection
	GlobalSection(ExtensibilityGlobals) = postSolution
		SolutionGuid = {4531E8A1-11CE-49F2-B375-938A13749827}
	EndGlobalSection
EndGlobal
